Microsoft Visual Studio Solution File, Format Version 12.00
# FieldOps — generado como scaffold desde SYSTEM_BLUEPRINT/08-Backend/README.md
# Abrir con Visual Studio, Rider o "dotnet sln" localmente (dotnet SDK
# no disponible en el entorno donde se generó este scaffold).
Project("{FAE04EC0-301F-11D3-BF4B-00C04F79EFBC}") = "FieldOps.Host", "src\Host\FieldOps.Host\FieldOps.Host.csproj", "{11111111-0000-0000-0000-000000000001}"
EndProject
Project("{FAE04EC0-301F-11D3-BF4B-00C04F79EFBC}") = "FieldOps.Shared.Kernel", "src\Shared\FieldOps.Shared.Kernel\FieldOps.Shared.Kernel.csproj", "{11111111-0000-0000-0000-000000000002}"
EndProject
Project("{FAE04EC0-301F-11D3-BF4B-00C04F79EFBC}") = "FieldOps.Shared.Tenancy", "src\Shared\FieldOps.Shared.Tenancy\FieldOps.Shared.Tenancy.csproj", "{11111111-0000-0000-0000-000000000003}"
EndProject
Project("{FAE04EC0-301F-11D3-BF4B-00C04F79EFBC}") = "FieldOps.Shared.Outbox", "src\Shared\FieldOps.Shared.Outbox\FieldOps.Shared.Outbox.csproj", "{11111111-0000-0000-0000-000000000004}"
EndProject
Project("{FAE04EC0-301F-11D3-BF4B-00C04F79EFBC}") = "FieldOps.Modules.Configuracion.Domain", "src\Modules\Configuracion\FieldOps.Modules.Configuracion.Domain\FieldOps.Modules.Configuracion.Domain.csproj", "{11111111-0000-0000-0000-000000000005}"
EndProject
Project("{FAE04EC0-301F-11D3-BF4B-00C04F79EFBC}") = "FieldOps.Modules.Configuracion.Application", "src\Modules\Configuracion\FieldOps.Modules.Configuracion.Application\FieldOps.Modules.Configuracion.Application.csproj", "{11111111-0000-0000-0000-000000000006}"
EndProject
Project("{FAE04EC0-301F-11D3-BF4B-00C04F79EFBC}") = "FieldOps.Modules.Configuracion.Infrastructure", "src\Modules\Configuracion\FieldOps.Modules.Configuracion.Infrastructure\FieldOps.Modules.Configuracion.Infrastructure.csproj", "{11111111-0000-0000-0000-000000000007}"
EndProject
Project("{FAE04EC0-301F-11D3-BF4B-00C04F79EFBC}") = "FieldOps.Modules.Configuracion.Api", "src\Modules\Configuracion\FieldOps.Modules.Configuracion.Api\FieldOps.Modules.Configuracion.Api.csproj", "{11111111-0000-0000-0000-000000000008}"
EndProject
Global
	GlobalSection(SolutionConfigurationPlatforms) = preSolution
		Debug|Any CPU = Debug|Any CPU
		Release|Any CPU = Release|Any CPU
	EndGlobalSection
EndGlobal
